// !$*UTF8*$!
{
	archiveVersion = 1;
	classes = {
	};
	objectVersion = 50;
	objects = {

/* Begin PBXBuildFile section */
		6AD52F89209FFCE1006C1FE4 /* AppDelegate.m in Sources */ = {isa = PBXBuildFile; fileRef = 6AD52F88209FFCE1006C1FE4 /* AppDelegate.m */; };
		6AD52F8C209FFCE2006C1FE4 /* ViewController.m in Sources */ = {isa = PBXBuildFile; fileRef = 6AD52F8B209FFCE2006C1FE4 /* ViewController.m */; };
		6AD52F8F209FFCE2006C1FE4 /* Main.storyboard in Resources */ = {isa = PBXBuildFile; fileRef = 6AD52F8D209FFCE2006C1FE4 /* Main.storyboard */; };
		6AD52F91209FFCE3006C1FE4 /* Assets.xcassets in Resources */ = {isa = PBXBuildFile; fileRef = 6AD52F90209FFCE3006C1FE4 /* Assets.xcassets */; };
		6AD52F94209FFCE3006C1FE4 /* LaunchScreen.storyboard in Resources */ = {isa = PBXBuildFile; fileRef = 6AD52F92209FFCE3006C1FE4 /* LaunchScreen.storyboard */; };
		6AD52F97209FFCE3006C1FE4 /* main.m in Sources */ = {isa = PBXBuildFile; fileRef = 6AD52F96209FFCE3006C1FE4 /* main.m */; };
		6AD52F9F209FFD3E006C1FE4 /* WJZTableViewController.m in Sources */ = {isa = PBXBuildFile; fileRef = 6AD52F9E209FFD3E006C1FE4 /* WJZTableViewController.m */; };
/* End PBXBuildFile section */

/* Begin PBXFileReference section */
		6AD52F84209FFCE1006C1FE4 /* 007_08_UITableViewController.app */ = {isa = PBXFileReference; explicitFileType = wrapper.application; includeInIndex = 0; path = 007_08_UITableViewController.app; sourceTree = BUILT_PRODUCTS_DIR; };
		6AD52F87209FFCE1006C1FE4 /* AppDelegate.h */ = {isa = PBXFileReference; lastKnownFileType = sourcecode.c.h; path = AppDelegate.h; sourceTree = "<group>"; };
		6AD52F88209FFCE1006C1FE4 /* AppDelegate.m */ = {isa = PBXFileReference; lastKnownFileType = sourcecode.c.objc; path = AppDelegate.m; sourceTree = "<group>"; };
		6AD52F8A209FFCE2006C1FE4 /* ViewController.h */ = {isa = PBXFileReference; lastKnownFileType = sourcecode.c.h; path = ViewController.h; sourceTree = "<group>"; };
		6AD52F8B209FFCE2006C1FE4 /* ViewController.m */ = {isa = PBXFileReference; lastKnownFileType = sourcecode.c.objc; path = ViewController.m; sourceTree = "<group>"; };
		6AD52F8E209FFCE2006C1FE4 /* Base */ = {isa = PBXFileReference; lastKnownFileType = file.storyboard; name = Base; path = Base.lproj/Main.storyboard; sourceTree = "<group>"; };
		6AD52F90209FFCE3006C1FE4 /* Assets.xcassets */ = {isa = PBXFileReference; lastKnownFileType = folder.assetcatalog; path = Assets.xcassets; sourceTree = "<group>"; };
		6AD52F93209FFCE3006C1FE4 /* Base */ = {isa = PBXFileReference; lastKnownFileType = file.storyboard; name = Base; path = Base.lproj/LaunchScreen.storyboard; sourceTree = "<group>"; };
		6AD52F95209FFCE3006C1FE4 /* Info.plist */ = {isa = PBXFileReference; lastKnownFileType = text.plist.xml; path = Info.plist; sourceTree = "<group>"; };
		6AD52F96209FFCE3006C1FE4 /* main.m */ = {isa = PBXFileReference; lastKnownFileType = sourcecode.c.objc; path = main.m; sourceTree = "<group>"; };
		6AD52F9D209FFD3E006C1FE4 /* WJZTableViewController.h */ = {isa = PBXFileReference; lastKnownFileType = sourcecode.c.h; path = WJZTableViewController.h; sourceTree = "<group>"; };
		6AD52F9E209FFD3E006C1FE4 /* WJZTableViewController.m */ = {isa = PBXFileReference; lastKnownFileType = sourcecode.c.objc; path = WJZTableViewController.m; sourceTree = "<group>"; };
/* End PBXFileReference section */

/* Begin PBXFrameworksBuildPhase section */
		6AD52F81209FFCE1006C1FE4 /* Frameworks */ = {
			isa = PBXFrameworksBuildPhase;
			buildActionMask = 2147483647;
			files = (
			);
			runOnlyForDeploymentPostprocessing = 0;
		};
/* End PBXFrameworksBuildPhase section */

/* Begin PBXGroup section */
		6AD52F7B209FFCE1006C1FE4 = {
			isa = PBXGroup;
			children = (
				6AD52F86209FFCE1006C1FE4 /* 007_08_UITableViewController */,
				6AD52F85209FFCE1006C1FE4 /* Products */,
			);
			sourceTree = "<group>";
		};
		6AD52F85209FFCE1006C1FE4 /* Products */ = {
			isa = PBXGroup;
			children = (
				6AD52F84209FFCE1006C1FE4 /* 007_08_UITableViewController.app */,
			);
			name = Products;
			sourceTree = "<group>";
		};
		6AD52F86209FFCE1006C1FE4 /* 007_08_UITableViewController */ = {
			isa = PBXGroup;
			children = (
				6AD52F87209FFCE1006C1FE4 /* AppDelegate.h */,
				6AD52F88209FFCE1006C1FE4 /* AppDelegate.m */,
				6AD52F8A209FFCE2006C1FE4 /* ViewController.h */,
				6AD52F8B209FFCE2006C1FE4 /* ViewController.m */,
				6AD52F8D209FFCE2006C1FE4 /* Main.storyboard */,
				6AD52F90209FFCE3006C1FE4 /* Assets.xcassets */,
				6AD52F92209FFCE3006C1FE4 /* LaunchScreen.storyboard */,
				6AD52F95209FFCE3006C1FE4 /* Info.plist */,
				6AD52F96209FFCE3006C1FE4 /* main.m */,
				6AD52F9D209FFD3E006C1FE4 /* WJZTableViewController.h */,
				6AD52F9E209FFD3E006C1FE4 /* WJZTableViewController.m */,
			);
			path = 007_08_UITableViewController;
			sourceTree = "<group>";
		};
/* End PBXGroup section */

/* Begin PBXNativeTarget section */
		6AD52F83209FFCE1006C1FE4 /* 007_08_UITableViewController */ = {
			isa = PBXNativeTarget;
			buildConfigurationList = 6AD52F9A209FFCE3006C1FE4 /* Build configuration list for PBXNativeTarget "007_08_UITableViewController" */;
			buildPhases = (
				6AD52F80209FFCE1006C1FE4 /* Sources */,
				6AD52F81209FFCE1006C1FE4 /* Frameworks */,
				6AD52F82209FFCE1006C1FE4 /* Resources */,
			);
			buildRules = (
			);
			dependencies = (
			);
			name = 007_08_UITableViewController;
			productName = 007_08_UITableViewController;
			productReference = 6AD52F84209FFCE1006C1FE4 /* 007_08_UITableViewController.app */;
			productType = "com.apple.product-type.application";
		};
/* End PBXNativeTarget section */

/* Begin PBXProject section */
		6AD52F7C209FFCE1006C1FE4 /* Project object */ = {
			isa = PBXProject;
			attributes = {
				CLASSPREFIX = WJZ;
				LastUpgradeCheck = 0930;
				ORGANIZATIONNAME = wjz;
				TargetAttributes = {
					6AD52F83209FFCE1006C1FE4 = {
						CreatedOnToolsVersion = 9.3;
					};
				};
			};
			buildConfigurationList = 6AD52F7F209FFCE1006C1FE4 /* Build configuration list for PBXProject "007_08_UITableViewController" */;
			compatibilityVersion = "Xcode 9.3";
			developmentRegion = en;
			hasScannedForEncodings = 0;
			knownRegions = (
				en,
				Base,
			);
			mainGroup = 6AD52F7B209FFCE1006C1FE4;
			productRefGroup = 6AD52F85209FFCE1006C1FE4 /* Products */;
			projectDirPath = "";
			projectRoot = "";
			targets = (
				6AD52F83209FFCE1006C1FE4 /* 007_08_UITableViewController */,
			);
		};
/* End PBXProject section */

/* Begin PBXResourcesBuildPhase section */
		6AD52F82209FFCE1006C1FE4 /* Resources */ = {
			isa = PBXResourcesBuildPhase;
			buildActionMask = 2147483647;
			files = (
				6AD52F94209FFCE3006C1FE4 /* LaunchScreen.storyboard in Resources */,
				6AD52F91209FFCE3006C1FE4 /* Assets.xcassets in Resources */,
				6AD52F8F209FFCE2006C1FE4 /* Main.storyboard in Resources */,
			);
			runOnlyForDeploymentPostprocessing = 0;
		};
/* End PBXResourcesBuildPhase section */

/* Begin PBXSourcesBuildPhase section */
		6AD52F80209FFCE1006C1FE4 /* Sources */ = {
			isa = PBXSourcesBuildPhase;
			buildActionMask = 2147483647;
			files = (
				6AD52F8C209FFCE2006C1FE4 /* ViewController.m in Sources */,
				6AD52F9F209FFD3E006C1FE4 /* WJZTableViewController.m in Sources */,
				6AD52F97209FFCE3006C1FE4 /* main.m in Sources */,
				6AD52F89209FFCE1006C1FE4 /* AppDelegate.m in Sources */,
			);
			runOnlyForDeploymentPostprocessing = 0;
		};
/* End PBXSourcesBuildPhase section */

/* Begin PBXVariantGroup section */
		6AD52F8D209FFCE2006C1FE4 /* Main.storyboard */ = {
			isa = PBXVariantGroup;
			children = (
				6AD52F8E209FFCE2006C1FE4 /* Base */,
			);
			name = Main.storyboard;
			sourceTree = "<group>";
		};
		6AD52F92209FFCE3006C1FE4 /* LaunchScreen.storyboard */ = {
			isa = PBXVariantGroup;
			children = (
				6AD52F93209FFCE3006C1FE4 /* Base */,
			);
			name = LaunchScreen.storyboard;
			sourceTree = "<group>";
		};
/* End PBXVariantGroup section */

/* Begin XCBuildConfiguration section */
		6AD52F98209FFCE3006C1FE4 /* Debug */ = {
			isa = XCBuildConfiguration;
			buildSettings = {
				ALWAYS_SEARCH_USER_PATHS = NO;
				CLANG_ANALYZER_NONNULL = YES;
				CLANG_ANALYZER_NUMBER_OBJECT_CONVERSION = YES_AGGRESSIVE;
				CLANG_CXX_LANGUAGE_STANDARD = "gnu++14";
				CLANG_CXX_LIBRARY = "libc++";
				CLANG_ENABLE_MODULES = YES;
				CLANG_ENABLE_OBJC_ARC = YES;
				CLANG_ENABLE_OBJC_WEAK = YES;
				CLANG_WARN_BLOCK_CAPTURE_AUTORELEASING = YES;
				CLANG_WARN_BOOL_CONVERSION = YES;
				CLANG_WARN_COMMA = YES;
				CLANG_WARN_CONSTANT_CONVERSION = YES;
				CLANG_WARN_DEPRECATED_OBJC_IMPLEMENTATIONS = YES;
				CLANG_WARN_DIRECT_OBJC_ISA_USAGE = YES_ERROR;
				CLANG_WARN_DOCUMENTATION_COMMENTS = YES;
				CLANG_WARN_EMPTY_BODY = YES;
				CLANG_WARN_ENUM_CONVERSION = YES;
				CLANG_WARN_INFINITE_RECURSION = YES;
				CLANG_WARN_INT_CONVERSION = YES;
				CLANG_WARN_NON_LITERAL_NULL_CONVERSION = YES;
				CLANG_WARN_OBJC_IMPLICIT_RETAIN_SELF = YES;
				CLANG_WARN_OBJC_LITERAL_CONVERSION = YES;
				CLANG_WARN_OBJC_ROOT_CLASS = YES_ERROR;
				CLANG_WARN_RANGE_LOOP_ANALYSIS = YES;
				CLANG_WARN_STRICT_PROTOTYPES = YES;
				CLANG_WARN_SUSPICIOUS_MOVE = YES;
				CLANG_WARN_UNGUARDED_AVAILABILITY = YES_AGGRESSIVE;
				CLANG_WARN_UNREACHABLE_CODE = YES;
				CLANG_WARN__DUPLICATE_METHOD_MATCH = YES;
				CODE_SIGN_IDENTITY = "iPhone Developer";
				COPY_PHASE_STRIP = NO;
				DEBUG_INFORMATION_FORMAT = dwarf;
				ENABLE_STRICT_OBJC_MSGSEND = YES;
				ENABLE_TESTABILITY = YES;
				GCC_C_LANGUAGE_STANDARD = gnu11;
				GCC_DYNAMIC_NO_PIC = NO;
				GCC_NO_COMMON_BLOCKS = YES;
				GCC_OPTIMIZATION_LEVEL = 0;
				GCC_PREPROCESSOR_DEFINITIONS = (
					"DEBUG=1",
					"$(inherited)",
				);
				GCC_WARN_64_TO_32_BIT_CONVERSION = YES;
				GCC_WARN_ABOUT_RETURN_TYPE = YES_ERROR;
				GCC_WARN_UNDECLARED_SELECTOR = YES;
				GCC_WARN_UNINITIALIZED_AUTOS = YES_AGGRESSIVE;
				GCC_WARN_UNUSED_FUNCTION = YES;
				GCC_WARN_UNUSED_VARIABLE = YES;
				IPHONEOS_DEPLOYMENT_TARGET = 11.3;
				MTL_ENABLE_DEBUG_INFO = YES;
				ONLY_ACTIVE_ARCH = YES;
				SDKROOT = iphoneos;
			};
			name = Debug;
		};
		6AD52F99209FFCE3006C1FE4 /* Release */ = {
			isa = XCBuildConfiguration;
			buildSettings = {
				ALWAYS_SEARCH_USER_PATHS = NO;
				CLANG_ANALYZER_NONNULL = YES;
				CLANG_ANALYZER_NUMBER_OBJECT_CONVERSION = YES_AGGRESSIVE;
				CLANG_CXX_LANGUAGE_STANDARD = "gnu++14";
				CLANG_CXX_LIBRARY = "libc++";
				CLANG_ENABLE_MODULES = YES;
				CLANG_ENABLE_OBJC_ARC = YES;
				CLANG_ENABLE_OBJC_WEAK = YES;
				CLANG_WARN_BLOCK_CAPTURE_AUTORELEASING = YES;
				CLANG_WARN_BOOL_CONVERSION = YES;
				CLANG_WARN_COMMA = YES;
				CLANG_WARN_CONSTANT_CONVERSION = YES;
				CLANG_WARN_DEPRECATED_OBJC_IMPLEMENTATIONS = YES;
				CLANG_WARN_DIRECT_OBJC_ISA_USAGE = YES_ERROR;
				CLANG_WARN_DOCUMENTATION_COMMENTS = YES;
				CLANG_WARN_EMPTY_BODY = YES;
				CLANG_WARN_ENUM_CONVERSION = YES;
				CLANG_WARN_INFINITE_RECURSION = YES;
				CLANG_WARN_INT_CONVERSION = YES;
				CLANG_WARN_NON_LITERAL_NULL_CONVERSION = YES;
				CLANG_WARN_OBJC_IMPLICIT_RETAIN_SELF = YES;
				CLANG_WARN_OBJC_LITERAL_CONVERSION = YES;
				CLANG_WARN_OBJC_ROOT_CLASS = YES_ERROR;
				CLANG_WARN_RANGE_LOOP_ANALYSIS = YES;
				CLANG_WARN_STRICT_PROTOTYPES = YES;
				CLANG_WARN_SUSPICIOUS_MOVE = YES;
				CLANG_WARN_UNGUARDED_AVAILABILITY = YES_AGGRESSIVE;
				CLANG_WARN_UNREACHABLE_CODE = YES;
				CLANG_WARN__DUPLICATE_METHOD_MATCH = YES;
				CODE_SIGN_IDENTITY = "iPhone Developer";
				COPY_PHASE_STRIP = NO;
				DEBUG_INFORMATION_FORMAT = "dwarf-with-dsym";
				ENABLE_NS_ASSERTIONS = NO;
				ENABLE_STRICT_OBJC_MSGSEND = YES;
				GCC_C_LANGUAGE_STANDARD = gnu11;
				GCC_NO_COMMON_BLOCKS = YES;
				GCC_WARN_64_TO_32_BIT_CONVERSION = YES;
				GCC_WARN_ABOUT_RETURN_TYPE = YES_ERROR;
				GCC_WARN_UNDECLARED_SELECTOR = YES;
				GCC_WARN_UNINITIALIZED_AUTOS = YES_AGGRESSIVE;
				GCC_WARN_UNUSED_FUNCTION = YES;
				GCC_WARN_UNUSED_VARIABLE = YES;
				IPHONEOS_DEPLOYMENT_TARGET = 11.3;
				MTL_ENABLE_DEBUG_INFO = NO;
				SDKROOT = iphoneos;
				VALIDATE_PRODUCT = YES;
			};
			name = Release;
		};
		6AD52F9B209FFCE3006C1FE4 /* Debug */ = {
			isa = XCBuildConfiguration;
			buildSettings = {
				ASSETCATALOG_COMPILER_APPICON_NAME = AppIcon;
				CODE_SIGN_STYLE = Automatic;
				INFOPLIST_FILE = 007_08_UITableViewController/Info.plist;
				LD_RUNPATH_SEARCH_PATHS = (
					"$(inherited)",
					"@executable_path/Frameworks",
				);
				PRODUCT_BUNDLE_IDENTIFIER = "com.wjz.-07-08-UITableViewController";
				PRODUCT_NAME = "$(TARGET_NAME)";
				TARGETED_DEVICE_FAMILY = "1,2";
			};
			name = Debug;
		};
		6AD52F9C209FFCE3006C1FE4 /* Release */ = {
			isa = XCBuildConfiguration;
			buildSettings = {
				ASSETCATALOG_COMPILER_APPICON_NAME = AppIcon;
				CODE_SIGN_STYLE = Automatic;
				INFOPLIST_FILE = 007_08_UITableViewController/Info.plist;
				LD_RUNPATH_SEARCH_PATHS = (
					"$(inherited)",
					"@executable_path/Frameworks",
				);
				PRODUCT_BUNDLE_IDENTIFIER = "com.wjz.-07-08-UITableViewController";
				PRODUCT_NAME = "$(TARGET_NAME)";
				TARGETED_DEVICE_FAMILY = "1,2";
			};
			name = Release;
		};
/* End XCBuildConfiguration section */

/* Begin XCConfigurationList section */
		6AD52F7F209FFCE1006C1FE4 /* Build configuration list for PBXProject "007_08_UITableViewController" */ = {
			isa = XCConfigurationList;
			buildConfigurations = (
				6AD52F98209FFCE3006C1FE4 /* Debug */,
				6AD52F99209FFCE3006C1FE4 /* Release */,
			);
			defaultConfigurationIsVisible = 0;
			defaultConfigurationName = Release;
		};
		6AD52F9A209FFCE3006C1FE4 /* Build configuration list for PBXNativeTarget "007_08_UITableViewController" */ = {
			isa = XCConfigurationList;
			buildConfigurations = (
				6AD52F9B209FFCE3006C1FE4 /* Debug */,
				6AD52F9C209FFCE3006C1FE4 /* Release */,
			);
			defaultConfigurationIsVisible = 0;
			defaultConfigurationName = Release;
		};
/* End XCConfigurationList section */
	};
	rootObject = 6AD52F7C209FFCE1006C1FE4 /* Project object */;
}
